
Microsoft Visual Studio Solution File, Format Version 12.00
# Visual Studio 14
VisualStudioVersion = 14.0.25123.0
MinimumVisualStudioVersion = 10.0.40219.1
Project("{FAE04EC0-301F-11D3-BF4B-00C04F79EFBC}") = "Group8_Homework2", "Group8_Homework2\Group8_Homework2.csproj", "{DF7219DC-EFCB-4F89-832B-A3BAC0D42651}"
EndProject
Global
	GlobalSection(SolutionConfigurationPlatforms) = preSolution
		Debug|Any CPU = Debug|Any CPU
		Release|Any CPU = Release|Any CPU
	EndGlobalSection
	GlobalSection(ProjectConfigurationPlatforms) = postSolution
		{DF7219DC-EFCB-4F89-832B-A3BAC0D42651}.Debug|Any CPU.ActiveCfg = Debug|Any CPU
		{DF7219DC-EFCB-4F89-832B-A3BAC0D42651}.Debug|Any CPU.Build.0 = Debug|Any CPU
		{DF7219DC-EFCB-4F89-832B-A3BAC0D42651}.Release|Any CPU.ActiveCfg = Release|Any CPU
		{DF7219DC-EFCB-4F89-832B-A3BAC0D42651}.Release|Any CPU.Build.0 = Release|Any CPU
	EndGlobalSection
	GlobalSection(SolutionProperties) = preSolution
		HideSolutionNode = FALSE
	EndGlobalSection
	GlobalSection(TeamFoundationVersionControl) = preSolution
		SccNumberOfProjects = 2
		SccEnterpriseProvider = {4CA58AB2-18FA-4F8D-95D4-32DDF27D184C}
		SccTeamFoundationServer = https://bpla2112.visualstudio.com/
		SccLocalPath0 = .
		SccProjectUniqueName1 = Group8_Homework2\\Group8_Homework2.csproj
		SccProjectName1 = Group8_Homework2
		SccLocalPath1 = Group8_Homework2
	EndGlobalSection
EndGlobal
